
Microsoft Visual Studio Solution File, Format Version 12.00
# Visual Studio Version 17
VisualStudioVersion = 17.0.31919.166
MinimumVisualStudioVersion = 10.0.40219.1
Project("{FAE04EC0-301F-11D3-BF4B-00C04F79EFBC}") = "WebApp", "src\WebApp\WebApp.csproj", "{1565962A-6B3A-44FD-BEF6-E04FD4E833AE}"
EndProject
Project("{FAE04EC0-301F-11D3-BF4B-00C04F79EFBC}") = "UseCases", "src\UseCases\UseCases.csproj", "{E469E3E1-153A-49CA-97DF-A46D18AF0D34}"
EndProject
Project("{FAE04EC0-301F-11D3-BF4B-00C04F79EFBC}") = "CoreBusiness", "src\CoreBusiness\CoreBusiness.csproj", "{20733C22-A69D-4A6A-B535-EAFAC9B01AFE}"
EndProject
Global
	GlobalSection(SolutionConfigurationPlatforms) = preSolution
		Debug|Any CPU = Debug|Any CPU
		Release|Any CPU = Release|Any CPU
	EndGlobalSection
	GlobalSection(ProjectConfigurationPlatforms) = postSolution
		{1565962A-6B3A-44FD-BEF6-E04FD4E833AE}.Debug|Any CPU.ActiveCfg = Debug|Any CPU
		{1565962A-6B3A-44FD-BEF6-E04FD4E833AE}.Debug|Any CPU.Build.0 = Debug|Any CPU
		{1565962A-6B3A-44FD-BEF6-E04FD4E833AE}.Release|Any CPU.ActiveCfg = Release|Any CPU
		{1565962A-6B3A-44FD-BEF6-E04FD4E833AE}.Release|Any CPU.Build.0 = Release|Any CPU
		{E469E3E1-153A-49CA-97DF-A46D18AF0D34}.Debug|Any CPU.ActiveCfg = Debug|Any CPU
		{E469E3E1-153A-49CA-97DF-A46D18AF0D34}.Debug|Any CPU.Build.0 = Debug|Any CPU
		{E469E3E1-153A-49CA-97DF-A46D18AF0D34}.Release|Any CPU.ActiveCfg = Release|Any CPU
		{E469E3E1-153A-49CA-97DF-A46D18AF0D34}.Release|Any CPU.Build.0 = Release|Any CPU
		{20733C22-A69D-4A6A-B535-EAFAC9B01AFE}.Debug|Any CPU.ActiveCfg = Debug|Any CPU
		{20733C22-A69D-4A6A-B535-EAFAC9B01AFE}.Debug|Any CPU.Build.0 = Debug|Any CPU
		{20733C22-A69D-4A6A-B535-EAFAC9B01AFE}.Release|Any CPU.ActiveCfg = Release|Any CPU
		{20733C22-A69D-4A6A-B535-EAFAC9B01AFE}.Release|Any CPU.Build.0 = Release|Any CPU
	EndGlobalSection
	GlobalSection(SolutionProperties) = preSolution
		HideSolutionNode = FALSE
	EndGlobalSection
	GlobalSection(ExtensibilityGlobals) = postSolution
		SolutionGuid = {59096B1C-A9D0-4454-A697-6936AFEE2BA0}
	EndGlobalSection
EndGlobal
